
Microsoft Visual Studio Solution File, Format Version 12.00
# Visual Studio 15
VisualStudioVersion = 15.0.26124.0
MinimumVisualStudioVersion = 15.0.26124.0
Project("{FAE04EC0-301F-11D3-BF4B-00C04F79EFBC}") = "Todo.Domain", "Todo.Domain\Todo.Domain.csproj", "{EC4C7AD8-7520-44D8-9F7F-562E9B2D43DE}"
EndProject
Project("{FAE04EC0-301F-11D3-BF4B-00C04F79EFBC}") = "Todo.Domain.Api", "Todo.Domain.Api\Todo.Domain.Api.csproj", "{C05A335A-E756-4AA3-89B4-8F342AF99CF5}"
EndProject
Project("{FAE04EC0-301F-11D3-BF4B-00C04F79EFBC}") = "Todo.Domain.Infra", "Todo.Domain.Infra\Todo.Domain.Infra.csproj", "{FA0BCC3D-DE89-408A-9480-1E18B24DBADF}"
EndProject
Project("{FAE04EC0-301F-11D3-BF4B-00C04F79EFBC}") = "Todo.Domain.Tests", "Todo.Domain.Tests\Todo.Domain.Tests.csproj", "{55C40197-F9C7-4F2F-9B77-738B4FEDAEAD}"
EndProject
Global
	GlobalSection(SolutionConfigurationPlatforms) = preSolution
		Debug|Any CPU = Debug|Any CPU
		Debug|x64 = Debug|x64
		Debug|x86 = Debug|x86
		Release|Any CPU = Release|Any CPU
		Release|x64 = Release|x64
		Release|x86 = Release|x86
	EndGlobalSection
	GlobalSection(SolutionProperties) = preSolution
		HideSolutionNode = FALSE
	EndGlobalSection
	GlobalSection(ProjectConfigurationPlatforms) = postSolution
		{EC4C7AD8-7520-44D8-9F7F-562E9B2D43DE}.Debug|Any CPU.ActiveCfg = Debug|Any CPU
		{EC4C7AD8-7520-44D8-9F7F-562E9B2D43DE}.Debug|Any CPU.Build.0 = Debug|Any CPU
		{EC4C7AD8-7520-44D8-9F7F-562E9B2D43DE}.Debug|x64.ActiveCfg = Debug|Any CPU
		{EC4C7AD8-7520-44D8-9F7F-562E9B2D43DE}.Debug|x64.Build.0 = Debug|Any CPU
		{EC4C7AD8-7520-44D8-9F7F-562E9B2D43DE}.Debug|x86.ActiveCfg = Debug|Any CPU
		{EC4C7AD8-7520-44D8-9F7F-562E9B2D43DE}.Debug|x86.Build.0 = Debug|Any CPU
		{EC4C7AD8-7520-44D8-9F7F-562E9B2D43DE}.Release|Any CPU.ActiveCfg = Release|Any CPU
		{EC4C7AD8-7520-44D8-9F7F-562E9B2D43DE}.Release|Any CPU.Build.0 = Release|Any CPU
		{EC4C7AD8-7520-44D8-9F7F-562E9B2D43DE}.Release|x64.ActiveCfg = Release|Any CPU
		{EC4C7AD8-7520-44D8-9F7F-562E9B2D43DE}.Release|x64.Build.0 = Release|Any CPU
		{EC4C7AD8-7520-44D8-9F7F-562E9B2D43DE}.Release|x86.ActiveCfg = Release|Any CPU
		{EC4C7AD8-7520-44D8-9F7F-562E9B2D43DE}.Release|x86.Build.0 = Release|Any CPU
		{C05A335A-E756-4AA3-89B4-8F342AF99CF5}.Debug|Any CPU.ActiveCfg = Debug|Any CPU
		{C05A335A-E756-4AA3-89B4-8F342AF99CF5}.Debug|Any CPU.Build.0 = Debug|Any CPU
		{C05A335A-E756-4AA3-89B4-8F342AF99CF5}.Debug|x64.ActiveCfg = Debug|Any CPU
		{C05A335A-E756-4AA3-89B4-8F342AF99CF5}.Debug|x64.Build.0 = Debug|Any CPU
		{C05A335A-E756-4AA3-89B4-8F342AF99CF5}.Debug|x86.ActiveCfg = Debug|Any CPU
		{C05A335A-E756-4AA3-89B4-8F342AF99CF5}.Debug|x86.Build.0 = Debug|Any CPU
		{C05A335A-E756-4AA3-89B4-8F342AF99CF5}.Release|Any CPU.ActiveCfg = Release|Any CPU
		{C05A335A-E756-4AA3-89B4-8F342AF99CF5}.Release|Any CPU.Build.0 = Release|Any CPU
		{C05A335A-E756-4AA3-89B4-8F342AF99CF5}.Release|x64.ActiveCfg = Release|Any CPU
		{C05A335A-E756-4AA3-89B4-8F342AF99CF5}.Release|x64.Build.0 = Release|Any CPU
		{C05A335A-E756-4AA3-89B4-8F342AF99CF5}.Release|x86.ActiveCfg = Release|Any CPU
		{C05A335A-E756-4AA3-89B4-8F342AF99CF5}.Release|x86.Build.0 = Release|Any CPU
		{FA0BCC3D-DE89-408A-9480-1E18B24DBADF}.Debug|Any CPU.ActiveCfg = Debug|Any CPU
		{FA0BCC3D-DE89-408A-9480-1E18B24DBADF}.Debug|Any CPU.Build.0 = Debug|Any CPU
		{FA0BCC3D-DE89-408A-9480-1E18B24DBADF}.Debug|x64.ActiveCfg = Debug|Any CPU
		{FA0BCC3D-DE89-408A-9480-1E18B24DBADF}.Debug|x64.Build.0 = Debug|Any CPU
		{FA0BCC3D-DE89-408A-9480-1E18B24DBADF}.Debug|x86.ActiveCfg = Debug|Any CPU
		{FA0BCC3D-DE89-408A-9480-1E18B24DBADF}.Debug|x86.Build.0 = Debug|Any CPU
		{FA0BCC3D-DE89-408A-9480-1E18B24DBADF}.Release|Any CPU.ActiveCfg = Release|Any CPU
		{FA0BCC3D-DE89-408A-9480-1E18B24DBADF}.Release|Any CPU.Build.0 = Release|Any CPU
		{FA0BCC3D-DE89-408A-9480-1E18B24DBADF}.Release|x64.ActiveCfg = Release|Any CPU
		{FA0BCC3D-DE89-408A-9480-1E18B24DBADF}.Release|x64.Build.0 = Release|Any CPU
		{FA0BCC3D-DE89-408A-9480-1E18B24DBADF}.Release|x86.ActiveCfg = Release|Any CPU
		{FA0BCC3D-DE89-408A-9480-1E18B24DBADF}.Release|x86.Build.0 = Release|Any CPU
		{55C40197-F9C7-4F2F-9B77-738B4FEDAEAD}.Debug|Any CPU.ActiveCfg = Debug|Any CPU
		{55C40197-F9C7-4F2F-9B77-738B4FEDAEAD}.Debug|Any CPU.Build.0 = Debug|Any CPU
		{55C40197-F9C7-4F2F-9B77-738B4FEDAEAD}.Debug|x64.ActiveCfg = Debug|Any CPU
		{55C40197-F9C7-4F2F-9B77-738B4FEDAEAD}.Debug|x64.Build.0 = Debug|Any CPU
		{55C40197-F9C7-4F2F-9B77-738B4FEDAEAD}.Debug|x86.ActiveCfg = Debug|Any CPU
		{55C40197-F9C7-4F2F-9B77-738B4FEDAEAD}.Debug|x86.Build.0 = Debug|Any CPU
		{55C40197-F9C7-4F2F-9B77-738B4FEDAEAD}.Release|Any CPU.ActiveCfg = Release|Any CPU
		{55C40197-F9C7-4F2F-9B77-738B4FEDAEAD}.Release|Any CPU.Build.0 = Release|Any CPU
		{55C40197-F9C7-4F2F-9B77-738B4FEDAEAD}.Release|x64.ActiveCfg = Release|Any CPU
		{55C40197-F9C7-4F2F-9B77-738B4FEDAEAD}.Release|x64.Build.0 = Release|Any CPU
		{55C40197-F9C7-4F2F-9B77-738B4FEDAEAD}.Release|x86.ActiveCfg = Release|Any CPU
		{55C40197-F9C7-4F2F-9B77-738B4FEDAEAD}.Release|x86.Build.0 = Release|Any CPU
	EndGlobalSection
EndGlobal
